
Microsoft Visual Studio Solution File, Format Version 12.00
# Visual Studio 15
VisualStudioVersion = 15.0.28307.421
MinimumVisualStudioVersion = 10.0.40219.1
Project("{FAE04EC0-301F-11D3-BF4B-00C04F79EFBC}") = "15552", "15552\15552.csproj", "{2A00D770-7EDC-4BBB-BB63-7351920304EB}"
EndProject
Global
	GlobalSection(SolutionConfigurationPlatforms) = preSolution
		Debug|Any CPU = Debug|Any CPU
		Release|Any CPU = Release|Any CPU
	EndGlobalSection
	GlobalSection(ProjectConfigurationPlatforms) = postSolution
		{2A00D770-7EDC-4BBB-BB63-7351920304EB}.Debug|Any CPU.ActiveCfg = Debug|Any CPU
		{2A00D770-7EDC-4BBB-BB63-7351920304EB}.Debug|Any CPU.Build.0 = Debug|Any CPU
		{2A00D770-7EDC-4BBB-BB63-7351920304EB}.Release|Any CPU.ActiveCfg = Release|Any CPU
		{2A00D770-7EDC-4BBB-BB63-7351920304EB}.Release|Any CPU.Build.0 = Release|Any CPU
	EndGlobalSection
	GlobalSection(SolutionProperties) = preSolution
		HideSolutionNode = FALSE
	EndGlobalSection
	GlobalSection(ExtensibilityGlobals) = postSolution
		SolutionGuid = {8661718E-EBBC-47AF-9D6E-AEFFAD3B0D98}
	EndGlobalSection
EndGlobal
