
Microsoft Visual Studio Solution File, Format Version 12.00
# Visual Studio 14
VisualStudioVersion = 14.0.25123.0
MinimumVisualStudioVersion = 10.0.40219.1
Project("{FAE04EC0-301F-11D3-BF4B-00C04F79EFBC}") = "13411", "13411\13411.csproj", "{2C86B0F5-400B-4E0B-836D-A243AD7534C6}"
EndProject
Global
	GlobalSection(SolutionConfigurationPlatforms) = preSolution
		Debug|Any CPU = Debug|Any CPU
		Release|Any CPU = Release|Any CPU
	EndGlobalSection
	GlobalSection(ProjectConfigurationPlatforms) = postSolution
		{2C86B0F5-400B-4E0B-836D-A243AD7534C6}.Debug|Any CPU.ActiveCfg = Debug|Any CPU
		{2C86B0F5-400B-4E0B-836D-A243AD7534C6}.Debug|Any CPU.Build.0 = Debug|Any CPU
		{2C86B0F5-400B-4E0B-836D-A243AD7534C6}.Release|Any CPU.ActiveCfg = Release|Any CPU
		{2C86B0F5-400B-4E0B-836D-A243AD7534C6}.Release|Any CPU.Build.0 = Release|Any CPU
	EndGlobalSection
	GlobalSection(SolutionProperties) = preSolution
		HideSolutionNode = FALSE
	EndGlobalSection
EndGlobal
